
Microsoft Visual Studio Solution File, Format Version 12.00
# Visual Studio Version 17
VisualStudioVersion = 17.3.32929.385
MinimumVisualStudioVersion = 10.0.40219.1
Project("{FAE04EC0-301F-11D3-BF4B-00C04F79EFBC}") = "Vtitbid.ISP20.Pozdina.Obj1", "Vtitbid.ISP20.Pozdina.Obj1\Vtitbid.ISP20.Pozdina.Obj1.csproj", "{70BB0F88-E9F8-4F9B-8561-1B567D3127D7}"
EndProject
Project("{FAE04EC0-301F-11D3-BF4B-00C04F79EFBC}") = "Vtitbid.ISP20.Pozdina.Obj2", "Vtitbid.ISP20.Pozdina.Obj2\Vtitbid.ISP20.Pozdina.Obj2.csproj", "{6677BF1D-D5F4-4D01-B8F8-4EA57322C62A}"
EndProject
Project("{FAE04EC0-301F-11D3-BF4B-00C04F79EFBC}") = "Vtitbid.ISP20.Pozdina.Obj3", "Vtitbid.ISP20.Pozdina.Obj3\Vtitbid.ISP20.Pozdina.Obj3.csproj", "{BA3B9D8B-9AF9-45AC-9A32-B51E92259D62}"
EndProject
Project("{FAE04EC0-301F-11D3-BF4B-00C04F79EFBC}") = "Vtitbid.ISP20.Pozdina.Obj4", "Vtitbid.ISP20.Pozdina.Obj4\Vtitbid.ISP20.Pozdina.Obj4.csproj", "{8546E4DD-B39A-498D-BFE7-03A9FE9120F9}"
EndProject
Project("{FAE04EC0-301F-11D3-BF4B-00C04F79EFBC}") = "Vtitbid.ISP20.Pozdina.Obj5", "Vtitbid.ISP20.Pozdina.Obj5\Vtitbid.ISP20.Pozdina.Obj5.csproj", "{6663BBC6-CCA1-4AE6-9AAA-8EED377B0E3D}"
EndProject
Global
	GlobalSection(SolutionConfigurationPlatforms) = preSolution
		Debug|Any CPU = Debug|Any CPU
		Release|Any CPU = Release|Any CPU
	EndGlobalSection
	GlobalSection(ProjectConfigurationPlatforms) = postSolution
		{70BB0F88-E9F8-4F9B-8561-1B567D3127D7}.Debug|Any CPU.ActiveCfg = Debug|Any CPU
		{70BB0F88-E9F8-4F9B-8561-1B567D3127D7}.Debug|Any CPU.Build.0 = Debug|Any CPU
		{70BB0F88-E9F8-4F9B-8561-1B567D3127D7}.Release|Any CPU.ActiveCfg = Release|Any CPU
		{70BB0F88-E9F8-4F9B-8561-1B567D3127D7}.Release|Any CPU.Build.0 = Release|Any CPU
		{6677BF1D-D5F4-4D01-B8F8-4EA57322C62A}.Debug|Any CPU.ActiveCfg = Debug|Any CPU
		{6677BF1D-D5F4-4D01-B8F8-4EA57322C62A}.Debug|Any CPU.Build.0 = Debug|Any CPU
		{6677BF1D-D5F4-4D01-B8F8-4EA57322C62A}.Release|Any CPU.ActiveCfg = Release|Any CPU
		{6677BF1D-D5F4-4D01-B8F8-4EA57322C62A}.Release|Any CPU.Build.0 = Release|Any CPU
		{BA3B9D8B-9AF9-45AC-9A32-B51E92259D62}.Debug|Any CPU.ActiveCfg = Debug|Any CPU
		{BA3B9D8B-9AF9-45AC-9A32-B51E92259D62}.Debug|Any CPU.Build.0 = Debug|Any CPU
		{BA3B9D8B-9AF9-45AC-9A32-B51E92259D62}.Release|Any CPU.ActiveCfg = Release|Any CPU
		{BA3B9D8B-9AF9-45AC-9A32-B51E92259D62}.Release|Any CPU.Build.0 = Release|Any CPU
		{8546E4DD-B39A-498D-BFE7-03A9FE9120F9}.Debug|Any CPU.ActiveCfg = Debug|Any CPU
		{8546E4DD-B39A-498D-BFE7-03A9FE9120F9}.Debug|Any CPU.Build.0 = Debug|Any CPU
		{8546E4DD-B39A-498D-BFE7-03A9FE9120F9}.Release|Any CPU.ActiveCfg = Release|Any CPU
		{8546E4DD-B39A-498D-BFE7-03A9FE9120F9}.Release|Any CPU.Build.0 = Release|Any CPU
		{6663BBC6-CCA1-4AE6-9AAA-8EED377B0E3D}.Debug|Any CPU.ActiveCfg = Debug|Any CPU
		{6663BBC6-CCA1-4AE6-9AAA-8EED377B0E3D}.Debug|Any CPU.Build.0 = Debug|Any CPU
		{6663BBC6-CCA1-4AE6-9AAA-8EED377B0E3D}.Release|Any CPU.ActiveCfg = Release|Any CPU
		{6663BBC6-CCA1-4AE6-9AAA-8EED377B0E3D}.Release|Any CPU.Build.0 = Release|Any CPU
	EndGlobalSection
	GlobalSection(SolutionProperties) = preSolution
		HideSolutionNode = FALSE
	EndGlobalSection
	GlobalSection(ExtensibilityGlobals) = postSolution
		SolutionGuid = {0C213DB9-0E87-4FA9-9DC6-0B060D6B21B1}
	EndGlobalSection
EndGlobal
